
Microsoft Visual Studio Solution File, Format Version 12.00
# Visual Studio Version 17
VisualStudioVersion = 17.1.32407.343
MinimumVisualStudioVersion = 10.0.40219.1
Project("{9A19103F-16F7-4668-BE54-9A1E7A4F7556}") = "ProprotionalVotingApp", "ProprotionalVotingApp\ProprotionalVotingApp.csproj", "{E2D4E665-A35E-402F-8EE4-923D864C90E5}"
EndProject
Project("{9A19103F-16F7-4668-BE54-9A1E7A4F7556}") = "ProportionalVotingApp.Models", "ProportionalVotingApp.Models\ProportionalVotingApp.Models.csproj", "{B617F10F-AE5A-4D59-93FF-5C20B2F26D32}"
EndProject
Project("{9A19103F-16F7-4668-BE54-9A1E7A4F7556}") = "ProportionalVotingApp.DatabaseService", "ProportionalVotingApp.DatabaseService\ProportionalVotingApp.DatabaseService.csproj", "{27DF104C-1947-4E5B-A25E-701CC6A753E8}"
EndProject
Project("{9A19103F-16F7-4668-BE54-9A1E7A4F7556}") = "Jim.Blazor.Store.Services", "Jim.Blazor.Store.Services\Jim.Blazor.Store.Services.csproj", "{DEF1A5C3-586E-4264-827F-3DEECE265906}"
EndProject
Project("{9A19103F-16F7-4668-BE54-9A1E7A4F7556}") = "Jim.Core.Store.Models", "Jim.Core.Store.Models\Jim.Core.Store.Models.csproj", "{D79FC27C-FAC5-40C0-A0A9-242D136C115A}"
EndProject
Project("{2150E333-8FDC-42A3-9474-1A3956D46DE8}") = "Shared", "Shared", "{A64F0D6A-C94E-45C7-ABBD-BBE2BE9BBE63}"
EndProject
Project("{9A19103F-16F7-4668-BE54-9A1E7A4F7556}") = "Jim.Core.Extensions", "Jim.Core.Extensions\Jim.Core.Extensions.csproj", "{567B9C09-B634-43D4-8E7D-6C67152AFE2E}"
EndProject
Project("{9A19103F-16F7-4668-BE54-9A1E7A4F7556}") = "Jim.Blazor.Store.Models", "Jim.Blazor.Store.Models\Jim.Blazor.Store.Models.csproj", "{8105C372-BE8D-4CBC-8468-E914529C101C}"
EndProject
Project("{2150E333-8FDC-42A3-9474-1A3956D46DE8}") = "Tests", "Tests", "{EDB60F63-F33F-43C3-B8AF-077F8BFB31B4}"
EndProject
Project("{9A19103F-16F7-4668-BE54-9A1E7A4F7556}") = "Jim.Blazor.Tests.Functional", "Jim.Blazor.Tests.Functional\Jim.Blazor.Tests.Functional.csproj", "{5F6A24B8-2BDF-41AD-8224-BB5A2A8B7CA3}"
EndProject
Project("{9A19103F-16F7-4668-BE54-9A1E7A4F7556}") = "Jim.Blazor.Components", "Jim.Blazor.Components\Jim.Blazor.Components.csproj", "{BD86721D-E21A-4D8C-A1C3-AE1A29EE4820}"
EndProject
Project("{2150E333-8FDC-42A3-9474-1A3956D46DE8}") = "Blazor", "Blazor", "{19692050-C042-4CFE-8D83-620D068EA271}"
EndProject
Project("{2150E333-8FDC-42A3-9474-1A3956D46DE8}") = "Tests", "Tests", "{AF2AF6AB-6DA1-4B6B-AC5B-ECCBC5358340}"
EndProject
Project("{9A19103F-16F7-4668-BE54-9A1E7A4F7556}") = "Jim.Blazor.Store.Tests.Unit", "Jim.Blazor.Store.Tests.Unit\Jim.Blazor.Store.Tests.Unit.csproj", "{16AB8842-67DB-42BB-A00B-7DC3E9256D89}"
EndProject
Project("{9A19103F-16F7-4668-BE54-9A1E7A4F7556}") = "Jim.Core.Helpers", "Jim.Core.Helpers\Jim.Core.Helpers.csproj", "{06A77BB5-3C8F-4472-B5F8-215748FDE175}"
EndProject
Project("{2150E333-8FDC-42A3-9474-1A3956D46DE8}") = "Stores", "Stores", "{5D8AE5F9-F3FE-4336-8AA8-8D60AE3AC71B}"
EndProject
Project("{9A19103F-16F7-4668-BE54-9A1E7A4F7556}") = "Jim.Core.Tests.Base", "Jim.Core.Tests.Base\Jim.Core.Tests.Base.csproj", "{58376476-85F6-45C3-A9C6-F219B75FFD10}"
EndProject
Project("{9A19103F-16F7-4668-BE54-9A1E7A4F7556}") = "Jim.Core.Multithreading", "Jim.Core.Multithreading\Jim.Core.Multithreading.csproj", "{9106CCC7-AA95-425E-8EF0-698A6F04137C}"
EndProject
Project("{2150E333-8FDC-42A3-9474-1A3956D46DE8}") = "Authentication", "Authentication", "{D9C67C64-D4D0-4371-9F81-C0A0F6C3C0FE}"
EndProject
Project("{9A19103F-16F7-4668-BE54-9A1E7A4F7556}") = "Jim.Core.Authentication.Service", "Jim.Core.Authentication.Service\Jim.Core.Authentication.Service.csproj", "{091F3032-197E-4AB5-A569-6DAAA65CFF51}"
EndProject
Project("{9A19103F-16F7-4668-BE54-9A1E7A4F7556}") = "Jim.Core.Authentication.Models", "Jim.Core.Authentication.Models\Jim.Core.Authentication.Models.csproj", "{FA24F143-EAC0-4EF3-B11E-5B0CB147D304}"
EndProject
Project("{9A19103F-16F7-4668-BE54-9A1E7A4F7556}") = "Jim.Core.Database", "Jim.Core.Database\Jim.Core.Database.csproj", "{5DB76E86-DEA9-4985-8554-4B2A5111705F}"
EndProject
Project("{9A19103F-16F7-4668-BE54-9A1E7A4F7556}") = "Jim.Core.Authentication.Database.Service", "Jim.Core.Authentication.Database.Service\Jim.Core.Authentication.Database.Service.csproj", "{A033E156-D9E2-43A2-9090-AF998C2F2914}"
EndProject
Project("{9A19103F-16F7-4668-BE54-9A1E7A4F7556}") = "Jim.Core.Authentication.API", "Jim.Core.Authentication.API\Jim.Core.Authentication.API.csproj", "{575733C8-14E6-4AB9-9B19-FFB16367DCE1}"
EndProject
Project("{9A19103F-16F7-4668-BE54-9A1E7A4F7556}") = "Jim.Core.Authentication.Tokens.Service", "Jim.Core.Authentication.Tokens.Service\Jim.Core.Authentication.Tokens.Service.csproj", "{6DC6335D-E1FB-4574-BC0B-D2CB3249C347}"
EndProject
Project("{9A19103F-16F7-4668-BE54-9A1E7A4F7556}") = "Jim.Core.Shared.Models", "Jim.Core.Shared.Models\Jim.Core.Shared.Models.csproj", "{C324F0FC-2FFE-4B1B-BA7B-53FD4D29633E}"
EndProject
Project("{2150E333-8FDC-42A3-9474-1A3956D46DE8}") = "Encryption", "Encryption", "{0AB57D05-BDE4-4A9F-9EE3-6F70AB412308}"
EndProject
Project("{9A19103F-16F7-4668-BE54-9A1E7A4F7556}") = "Jim.Core.Encryption.Service", "Jim.Core.Encryption.Service\Jim.Core.Encryption.Service.csproj", "{DC0728AE-2D04-4CB6-BE0E-B1771C13CD7A}"
EndProject
Project("{9A19103F-16F7-4668-BE54-9A1E7A4F7556}") = "Jim.Core.Encryption.Models", "Jim.Core.Encryption.Models\Jim.Core.Encryption.Models.csproj", "{0D2F5129-0850-4BDA-9509-360338DD5DFD}"
EndProject
Project("{9A19103F-16F7-4668-BE54-9A1E7A4F7556}") = "Jim.Core.Encryption.Tests", "Jim.Core.Encryption.Tests\Jim.Core.Encryption.Tests.csproj", "{100FD946-BE34-4AC9-9642-FEC6850CCF79}"
EndProject
Project("{9A19103F-16F7-4668-BE54-9A1E7A4F7556}") = "Jim.Core.Shared.Tests", "Jim.Core.Shared.Tests\Jim.Core.Shared.Tests.csproj", "{5D7AC55D-2D1A-4C37-BB7C-9DB72F2D45D0}"
EndProject
Project("{2150E333-8FDC-42A3-9474-1A3956D46DE8}") = "APIs", "APIs", "{EDBF4862-D851-4017-88CA-584CD476C102}"
EndProject
Project("{FAE04EC0-301F-11D3-BF4B-00C04F79EFBC}") = "Jim.Core.Shared.APIs", "Jim.Core.Shared.APIs\Jim.Core.Shared.APIs.csproj", "{1B1B1E47-0E3E-4476-B3AE-BAD09C7CE362}"
EndProject
Global
	GlobalSection(SolutionConfigurationPlatforms) = preSolution
		Debug|Any CPU = Debug|Any CPU
		Release|Any CPU = Release|Any CPU
	EndGlobalSection
	GlobalSection(ProjectConfigurationPlatforms) = postSolution
		{E2D4E665-A35E-402F-8EE4-923D864C90E5}.Debug|Any CPU.ActiveCfg = Debug|Any CPU
		{E2D4E665-A35E-402F-8EE4-923D864C90E5}.Debug|Any CPU.Build.0 = Debug|Any CPU
		{E2D4E665-A35E-402F-8EE4-923D864C90E5}.Release|Any CPU.ActiveCfg = Release|Any CPU
		{E2D4E665-A35E-402F-8EE4-923D864C90E5}.Release|Any CPU.Build.0 = Release|Any CPU
		{B617F10F-AE5A-4D59-93FF-5C20B2F26D32}.Debug|Any CPU.ActiveCfg = Debug|Any CPU
		{B617F10F-AE5A-4D59-93FF-5C20B2F26D32}.Debug|Any CPU.Build.0 = Debug|Any CPU
		{B617F10F-AE5A-4D59-93FF-5C20B2F26D32}.Release|Any CPU.ActiveCfg = Release|Any CPU
		{B617F10F-AE5A-4D59-93FF-5C20B2F26D32}.Release|Any CPU.Build.0 = Release|Any CPU
		{27DF104C-1947-4E5B-A25E-701CC6A753E8}.Debug|Any CPU.ActiveCfg = Debug|Any CPU
		{27DF104C-1947-4E5B-A25E-701CC6A753E8}.Debug|Any CPU.Build.0 = Debug|Any CPU
		{27DF104C-1947-4E5B-A25E-701CC6A753E8}.Release|Any CPU.ActiveCfg = Release|Any CPU
		{27DF104C-1947-4E5B-A25E-701CC6A753E8}.Release|Any CPU.Build.0 = Release|Any CPU
		{DEF1A5C3-586E-4264-827F-3DEECE265906}.Debug|Any CPU.ActiveCfg = Debug|Any CPU
		{DEF1A5C3-586E-4264-827F-3DEECE265906}.Debug|Any CPU.Build.0 = Debug|Any CPU
		{DEF1A5C3-586E-4264-827F-3DEECE265906}.Release|Any CPU.ActiveCfg = Release|Any CPU
		{DEF1A5C3-586E-4264-827F-3DEECE265906}.Release|Any CPU.Build.0 = Release|Any CPU
		{D79FC27C-FAC5-40C0-A0A9-242D136C115A}.Debug|Any CPU.ActiveCfg = Debug|Any CPU
		{D79FC27C-FAC5-40C0-A0A9-242D136C115A}.Debug|Any CPU.Build.0 = Debug|Any CPU
		{D79FC27C-FAC5-40C0-A0A9-242D136C115A}.Release|Any CPU.ActiveCfg = Release|Any CPU
		{D79FC27C-FAC5-40C0-A0A9-242D136C115A}.Release|Any CPU.Build.0 = Release|Any CPU
		{567B9C09-B634-43D4-8E7D-6C67152AFE2E}.Debug|Any CPU.ActiveCfg = Debug|Any CPU
		{567B9C09-B634-43D4-8E7D-6C67152AFE2E}.Debug|Any CPU.Build.0 = Debug|Any CPU
		{567B9C09-B634-43D4-8E7D-6C67152AFE2E}.Release|Any CPU.ActiveCfg = Release|Any CPU
		{567B9C09-B634-43D4-8E7D-6C67152AFE2E}.Release|Any CPU.Build.0 = Release|Any CPU
		{8105C372-BE8D-4CBC-8468-E914529C101C}.Debug|Any CPU.ActiveCfg = Debug|Any CPU
		{8105C372-BE8D-4CBC-8468-E914529C101C}.Debug|Any CPU.Build.0 = Debug|Any CPU
		{8105C372-BE8D-4CBC-8468-E914529C101C}.Release|Any CPU.ActiveCfg = Release|Any CPU
		{8105C372-BE8D-4CBC-8468-E914529C101C}.Release|Any CPU.Build.0 = Release|Any CPU
		{5F6A24B8-2BDF-41AD-8224-BB5A2A8B7CA3}.Debug|Any CPU.ActiveCfg = Debug|Any CPU
		{5F6A24B8-2BDF-41AD-8224-BB5A2A8B7CA3}.Debug|Any CPU.Build.0 = Debug|Any CPU
		{5F6A24B8-2BDF-41AD-8224-BB5A2A8B7CA3}.Release|Any CPU.ActiveCfg = Release|Any CPU
		{5F6A24B8-2BDF-41AD-8224-BB5A2A8B7CA3}.Release|Any CPU.Build.0 = Release|Any CPU
		{BD86721D-E21A-4D8C-A1C3-AE1A29EE4820}.Debug|Any CPU.ActiveCfg = Debug|Any CPU
		{BD86721D-E21A-4D8C-A1C3-AE1A29EE4820}.Debug|Any CPU.Build.0 = Debug|Any CPU
		{BD86721D-E21A-4D8C-A1C3-AE1A29EE4820}.Release|Any CPU.ActiveCfg = Release|Any CPU
		{BD86721D-E21A-4D8C-A1C3-AE1A29EE4820}.Release|Any CPU.Build.0 = Release|Any CPU
		{16AB8842-67DB-42BB-A00B-7DC3E9256D89}.Debug|Any CPU.ActiveCfg = Debug|Any CPU
		{16AB8842-67DB-42BB-A00B-7DC3E9256D89}.Debug|Any CPU.Build.0 = Debug|Any CPU
		{16AB8842-67DB-42BB-A00B-7DC3E9256D89}.Release|Any CPU.ActiveCfg = Release|Any CPU
		{16AB8842-67DB-42BB-A00B-7DC3E9256D89}.Release|Any CPU.Build.0 = Release|Any CPU
		{06A77BB5-3C8F-4472-B5F8-215748FDE175}.Debug|Any CPU.ActiveCfg = Debug|Any CPU
		{06A77BB5-3C8F-4472-B5F8-215748FDE175}.Debug|Any CPU.Build.0 = Debug|Any CPU
		{06A77BB5-3C8F-4472-B5F8-215748FDE175}.Release|Any CPU.ActiveCfg = Release|Any CPU
		{06A77BB5-3C8F-4472-B5F8-215748FDE175}.Release|Any CPU.Build.0 = Release|Any CPU
		{58376476-85F6-45C3-A9C6-F219B75FFD10}.Debug|Any CPU.ActiveCfg = Debug|Any CPU
		{58376476-85F6-45C3-A9C6-F219B75FFD10}.Debug|Any CPU.Build.0 = Debug|Any CPU
		{58376476-85F6-45C3-A9C6-F219B75FFD10}.Release|Any CPU.ActiveCfg = Release|Any CPU
		{58376476-85F6-45C3-A9C6-F219B75FFD10}.Release|Any CPU.Build.0 = Release|Any CPU
		{9106CCC7-AA95-425E-8EF0-698A6F04137C}.Debug|Any CPU.ActiveCfg = Debug|Any CPU
		{9106CCC7-AA95-425E-8EF0-698A6F04137C}.Debug|Any CPU.Build.0 = Debug|Any CPU
		{9106CCC7-AA95-425E-8EF0-698A6F04137C}.Release|Any CPU.ActiveCfg = Release|Any CPU
		{9106CCC7-AA95-425E-8EF0-698A6F04137C}.Release|Any CPU.Build.0 = Release|Any CPU
		{091F3032-197E-4AB5-A569-6DAAA65CFF51}.Debug|Any CPU.ActiveCfg = Debug|Any CPU
		{091F3032-197E-4AB5-A569-6DAAA65CFF51}.Debug|Any CPU.Build.0 = Debug|Any CPU
		{091F3032-197E-4AB5-A569-6DAAA65CFF51}.Release|Any CPU.ActiveCfg = Release|Any CPU
		{091F3032-197E-4AB5-A569-6DAAA65CFF51}.Release|Any CPU.Build.0 = Release|Any CPU
		{FA24F143-EAC0-4EF3-B11E-5B0CB147D304}.Debug|Any CPU.ActiveCfg = Debug|Any CPU
		{FA24F143-EAC0-4EF3-B11E-5B0CB147D304}.Debug|Any CPU.Build.0 = Debug|Any CPU
		{FA24F143-EAC0-4EF3-B11E-5B0CB147D304}.Release|Any CPU.ActiveCfg = Release|Any CPU
		{FA24F143-EAC0-4EF3-B11E-5B0CB147D304}.Release|Any CPU.Build.0 = Release|Any CPU
		{5DB76E86-DEA9-4985-8554-4B2A5111705F}.Debug|Any CPU.ActiveCfg = Debug|Any CPU
		{5DB76E86-DEA9-4985-8554-4B2A5111705F}.Debug|Any CPU.Build.0 = Debug|Any CPU
		{5DB76E86-DEA9-4985-8554-4B2A5111705F}.Release|Any CPU.ActiveCfg = Release|Any CPU
		{5DB76E86-DEA9-4985-8554-4B2A5111705F}.Release|Any CPU.Build.0 = Release|Any CPU
		{A033E156-D9E2-43A2-9090-AF998C2F2914}.Debug|Any CPU.ActiveCfg = Debug|Any CPU
		{A033E156-D9E2-43A2-9090-AF998C2F2914}.Debug|Any CPU.Build.0 = Debug|Any CPU
		{A033E156-D9E2-43A2-9090-AF998C2F2914}.Release|Any CPU.ActiveCfg = Release|Any CPU
		{A033E156-D9E2-43A2-9090-AF998C2F2914}.Release|Any CPU.Build.0 = Release|Any CPU
		{575733C8-14E6-4AB9-9B19-FFB16367DCE1}.Debug|Any CPU.ActiveCfg = Debug|Any CPU
		{575733C8-14E6-4AB9-9B19-FFB16367DCE1}.Debug|Any CPU.Build.0 = Debug|Any CPU
		{575733C8-14E6-4AB9-9B19-FFB16367DCE1}.Release|Any CPU.ActiveCfg = Release|Any CPU
		{575733C8-14E6-4AB9-9B19-FFB16367DCE1}.Release|Any CPU.Build.0 = Release|Any CPU
		{6DC6335D-E1FB-4574-BC0B-D2CB3249C347}.Debug|Any CPU.ActiveCfg = Debug|Any CPU
		{6DC6335D-E1FB-4574-BC0B-D2CB3249C347}.Debug|Any CPU.Build.0 = Debug|Any CPU
		{6DC6335D-E1FB-4574-BC0B-D2CB3249C347}.Release|Any CPU.ActiveCfg = Release|Any CPU
		{6DC6335D-E1FB-4574-BC0B-D2CB3249C347}.Release|Any CPU.Build.0 = Release|Any CPU
		{C324F0FC-2FFE-4B1B-BA7B-53FD4D29633E}.Debug|Any CPU.ActiveCfg = Debug|Any CPU
		{C324F0FC-2FFE-4B1B-BA7B-53FD4D29633E}.Debug|Any CPU.Build.0 = Debug|Any CPU
		{C324F0FC-2FFE-4B1B-BA7B-53FD4D29633E}.Release|Any CPU.ActiveCfg = Release|Any CPU
		{C324F0FC-2FFE-4B1B-BA7B-53FD4D29633E}.Release|Any CPU.Build.0 = Release|Any CPU
		{DC0728AE-2D04-4CB6-BE0E-B1771C13CD7A}.Debug|Any CPU.ActiveCfg = Debug|Any CPU
		{DC0728AE-2D04-4CB6-BE0E-B1771C13CD7A}.Debug|Any CPU.Build.0 = Debug|Any CPU
		{DC0728AE-2D04-4CB6-BE0E-B1771C13CD7A}.Release|Any CPU.ActiveCfg = Release|Any CPU
		{DC0728AE-2D04-4CB6-BE0E-B1771C13CD7A}.Release|Any CPU.Build.0 = Release|Any CPU
		{0D2F5129-0850-4BDA-9509-360338DD5DFD}.Debug|Any CPU.ActiveCfg = Debug|Any CPU
		{0D2F5129-0850-4BDA-9509-360338DD5DFD}.Debug|Any CPU.Build.0 = Debug|Any CPU
		{0D2F5129-0850-4BDA-9509-360338DD5DFD}.Release|Any CPU.ActiveCfg = Release|Any CPU
		{0D2F5129-0850-4BDA-9509-360338DD5DFD}.Release|Any CPU.Build.0 = Release|Any CPU
		{100FD946-BE34-4AC9-9642-FEC6850CCF79}.Debug|Any CPU.ActiveCfg = Debug|Any CPU
		{100FD946-BE34-4AC9-9642-FEC6850CCF79}.Debug|Any CPU.Build.0 = Debug|Any CPU
		{100FD946-BE34-4AC9-9642-FEC6850CCF79}.Release|Any CPU.ActiveCfg = Release|Any CPU
		{100FD946-BE34-4AC9-9642-FEC6850CCF79}.Release|Any CPU.Build.0 = Release|Any CPU
		{5D7AC55D-2D1A-4C37-BB7C-9DB72F2D45D0}.Debug|Any CPU.ActiveCfg = Debug|Any CPU
		{5D7AC55D-2D1A-4C37-BB7C-9DB72F2D45D0}.Debug|Any CPU.Build.0 = Debug|Any CPU
		{5D7AC55D-2D1A-4C37-BB7C-9DB72F2D45D0}.Release|Any CPU.ActiveCfg = Release|Any CPU
		{5D7AC55D-2D1A-4C37-BB7C-9DB72F2D45D0}.Release|Any CPU.Build.0 = Release|Any CPU
		{1B1B1E47-0E3E-4476-B3AE-BAD09C7CE362}.Debug|Any CPU.ActiveCfg = Debug|Any CPU
		{1B1B1E47-0E3E-4476-B3AE-BAD09C7CE362}.Debug|Any CPU.Build.0 = Debug|Any CPU
		{1B1B1E47-0E3E-4476-B3AE-BAD09C7CE362}.Release|Any CPU.ActiveCfg = Release|Any CPU
		{1B1B1E47-0E3E-4476-B3AE-BAD09C7CE362}.Release|Any CPU.Build.0 = Release|Any CPU
	EndGlobalSection
	GlobalSection(SolutionProperties) = preSolution
		HideSolutionNode = FALSE
	EndGlobalSection
	GlobalSection(NestedProjects) = preSolution
		{DEF1A5C3-586E-4264-827F-3DEECE265906} = {5D8AE5F9-F3FE-4336-8AA8-8D60AE3AC71B}
		{D79FC27C-FAC5-40C0-A0A9-242D136C115A} = {5D8AE5F9-F3FE-4336-8AA8-8D60AE3AC71B}
		{567B9C09-B634-43D4-8E7D-6C67152AFE2E} = {A64F0D6A-C94E-45C7-ABBD-BBE2BE9BBE63}
		{8105C372-BE8D-4CBC-8468-E914529C101C} = {5D8AE5F9-F3FE-4336-8AA8-8D60AE3AC71B}
		{5F6A24B8-2BDF-41AD-8224-BB5A2A8B7CA3} = {AF2AF6AB-6DA1-4B6B-AC5B-ECCBC5358340}
		{BD86721D-E21A-4D8C-A1C3-AE1A29EE4820} = {19692050-C042-4CFE-8D83-620D068EA271}
		{AF2AF6AB-6DA1-4B6B-AC5B-ECCBC5358340} = {19692050-C042-4CFE-8D83-620D068EA271}
		{16AB8842-67DB-42BB-A00B-7DC3E9256D89} = {5D8AE5F9-F3FE-4336-8AA8-8D60AE3AC71B}
		{06A77BB5-3C8F-4472-B5F8-215748FDE175} = {A64F0D6A-C94E-45C7-ABBD-BBE2BE9BBE63}
		{58376476-85F6-45C3-A9C6-F219B75FFD10} = {EDB60F63-F33F-43C3-B8AF-077F8BFB31B4}
		{9106CCC7-AA95-425E-8EF0-698A6F04137C} = {A64F0D6A-C94E-45C7-ABBD-BBE2BE9BBE63}
		{091F3032-197E-4AB5-A569-6DAAA65CFF51} = {D9C67C64-D4D0-4371-9F81-C0A0F6C3C0FE}
		{FA24F143-EAC0-4EF3-B11E-5B0CB147D304} = {D9C67C64-D4D0-4371-9F81-C0A0F6C3C0FE}
		{5DB76E86-DEA9-4985-8554-4B2A5111705F} = {A64F0D6A-C94E-45C7-ABBD-BBE2BE9BBE63}
		{A033E156-D9E2-43A2-9090-AF998C2F2914} = {D9C67C64-D4D0-4371-9F81-C0A0F6C3C0FE}
		{575733C8-14E6-4AB9-9B19-FFB16367DCE1} = {D9C67C64-D4D0-4371-9F81-C0A0F6C3C0FE}
		{6DC6335D-E1FB-4574-BC0B-D2CB3249C347} = {D9C67C64-D4D0-4371-9F81-C0A0F6C3C0FE}
		{C324F0FC-2FFE-4B1B-BA7B-53FD4D29633E} = {A64F0D6A-C94E-45C7-ABBD-BBE2BE9BBE63}
		{DC0728AE-2D04-4CB6-BE0E-B1771C13CD7A} = {0AB57D05-BDE4-4A9F-9EE3-6F70AB412308}
		{0D2F5129-0850-4BDA-9509-360338DD5DFD} = {0AB57D05-BDE4-4A9F-9EE3-6F70AB412308}
		{100FD946-BE34-4AC9-9642-FEC6850CCF79} = {0AB57D05-BDE4-4A9F-9EE3-6F70AB412308}
		{5D7AC55D-2D1A-4C37-BB7C-9DB72F2D45D0} = {A64F0D6A-C94E-45C7-ABBD-BBE2BE9BBE63}
		{1B1B1E47-0E3E-4476-B3AE-BAD09C7CE362} = {EDBF4862-D851-4017-88CA-584CD476C102}
	EndGlobalSection
	GlobalSection(ExtensibilityGlobals) = postSolution
		SolutionGuid = {C88AA86A-CE8F-4C4A-A304-8746A19AB1A6}
	EndGlobalSection
EndGlobal
